// !$*UTF8*$!
{
	archiveVersion = 1;
	classes = {
	};
	objectVersion = 46;
	objects = {

/* Begin PBXBuildFile section */
		2D1925EB1E828F7400F9E4B6 /* 14670863_10207539371187955_2766797422758227945_n.jpg in Resources */ = {isa = PBXBuildFile; fileRef = 2D1925EA1E828F7400F9E4B6 /* 14670863_10207539371187955_2766797422758227945_n.jpg */; };
		2D67179C1E804B6400045E14 /* AppDelegate.swift in Sources */ = {isa = PBXBuildFile; fileRef = 2D67179B1E804B6400045E14 /* AppDelegate.swift */; };
		2D67179E1E804B6400045E14 /* ViewController.swift in Sources */ = {isa = PBXBuildFile; fileRef = 2D67179D1E804B6400045E14 /* ViewController.swift */; };
		2D6717A11E804B6400045E14 /* Main.storyboard in Resources */ = {isa = PBXBuildFile; fileRef = 2D67179F1E804B6400045E14 /* Main.storyboard */; };
		2D6717A41E804B6400045E14 /* Project.xcdatamodeld in Sources */ = {isa = PBXBuildFile; fileRef = 2D6717A21E804B6400045E14 /* Project.xcdatamodeld */; };
		2D6717A61E804B6400045E14 /* Assets.xcassets in Resources */ = {isa = PBXBuildFile; fileRef = 2D6717A51E804B6400045E14 /* Assets.xcassets */; };
		2D6717A91E804B6400045E14 /* LaunchScreen.storyboard in Resources */ = {isa = PBXBuildFile; fileRef = 2D6717A71E804B6400045E14 /* LaunchScreen.storyboard */; };
		2D9A2DC71E806664009D855F /* Podfile in Resources */ = {isa = PBXBuildFile; fileRef = 2D9A2DC61E806664009D855F /* Podfile */; };
		2DD1B4731E82CF63003D0602 /* ThirdViewController.swift in Sources */ = {isa = PBXBuildFile; fileRef = 2DD1B4721E82CF63003D0602 /* ThirdViewController.swift */; };
		4A95B910B3AF265EAB018965 /* Pods_Project.framework in Frameworks */ = {isa = PBXBuildFile; fileRef = FAC66FDCB2C5AFE805E462C0 /* Pods_Project.framework */; };
/* End PBXBuildFile section */

/* Begin PBXFileReference section */
		2D1925EA1E828F7400F9E4B6 /* 14670863_10207539371187955_2766797422758227945_n.jpg */ = {isa = PBXFileReference; lastKnownFileType = image.jpeg; name = 14670863_10207539371187955_2766797422758227945_n.jpg; path = ../../../../Downloads/14670863_10207539371187955_2766797422758227945_n.jpg; sourceTree = "<group>"; };
		2D6717981E804B6400045E14 /* Project.app */ = {isa = PBXFileReference; explicitFileType = wrapper.application; includeInIndex = 0; path = Project.app; sourceTree = BUILT_PRODUCTS_DIR; };
		2D67179B1E804B6400045E14 /* AppDelegate.swift */ = {isa = PBXFileReference; lastKnownFileType = sourcecode.swift; path = AppDelegate.swift; sourceTree = "<group>"; };
		2D67179D1E804B6400045E14 /* ViewController.swift */ = {isa = PBXFileReference; lastKnownFileType = sourcecode.swift; path = ViewController.swift; sourceTree = "<group>"; };
		2D6717A01E804B6400045E14 /* Base */ = {isa = PBXFileReference; lastKnownFileType = file.storyboard; name = Base; path = Base.lproj/Main.storyboard; sourceTree = "<group>"; };
		2D6717A31E804B6400045E14 /* Project.xcdatamodel */ = {isa = PBXFileReference; lastKnownFileType = wrapper.xcdatamodel; path = Project.xcdatamodel; sourceTree = "<group>"; };
		2D6717A51E804B6400045E14 /* Assets.xcassets */ = {isa = PBXFileReference; lastKnownFileType = folder.assetcatalog; path = Assets.xcassets; sourceTree = "<group>"; };
		2D6717A81E804B6400045E14 /* Base */ = {isa = PBXFileReference; lastKnownFileType = file.storyboard; name = Base; path = Base.lproj/LaunchScreen.storyboard; sourceTree = "<group>"; };
		2D6717AA1E804B6400045E14 /* Info.plist */ = {isa = PBXFileReference; lastKnownFileType = text.plist.xml; path = Info.plist; sourceTree = "<group>"; };
		2D9A2DC61E806664009D855F /* Podfile */ = {isa = PBXFileReference; fileEncoding = 4; lastKnownFileType = text; path = Podfile; sourceTree = SOURCE_ROOT; xcLanguageSpecificationIdentifier = xcode.lang.ruby; };
		2DD1B4721E82CF63003D0602 /* ThirdViewController.swift */ = {isa = PBXFileReference; fileEncoding = 4; lastKnownFileType = sourcecode.swift; path = ThirdViewController.swift; sourceTree = "<group>"; };
		46B465902CCD1CB69E5780EB /* Pods-Project.release.xcconfig */ = {isa = PBXFileReference; includeInIndex = 1; lastKnownFileType = text.xcconfig; name = "Pods-Project.release.xcconfig"; path = "Pods/Target Support Files/Pods-Project/Pods-Project.release.xcconfig"; sourceTree = "<group>"; };
		96B1BD2B97461E3E3C6AC8BE /* Pods-Project.debug.xcconfig */ = {isa = PBXFileReference; includeInIndex = 1; lastKnownFileType = text.xcconfig; name = "Pods-Project.debug.xcconfig"; path = "Pods/Target Support Files/Pods-Project/Pods-Project.debug.xcconfig"; sourceTree = "<group>"; };
		FAC66FDCB2C5AFE805E462C0 /* Pods_Project.framework */ = {isa = PBXFileReference; explicitFileType = wrapper.framework; includeInIndex = 0; path = Pods_Project.framework; sourceTree = BUILT_PRODUCTS_DIR; };
/* End PBXFileReference section */

/* Begin PBXFrameworksBuildPhase section */
		2D6717951E804B6300045E14 /* Frameworks */ = {
			isa = PBXFrameworksBuildPhase;
			buildActionMask = 2147483647;
			files = (
				4A95B910B3AF265EAB018965 /* Pods_Project.framework in Frameworks */,
			);
			runOnlyForDeploymentPostprocessing = 0;
		};
/* End PBXFrameworksBuildPhase section */

/* Begin PBXGroup section */
		2D67178F1E804B6300045E14 = {
			isa = PBXGroup;
			children = (
				2DD1B4721E82CF63003D0602 /* ThirdViewController.swift */,
				2D67179A1E804B6400045E14 /* Project */,
				2D6717991E804B6400045E14 /* Products */,
				8E563AC146409D026D5D8915 /* Pods */,
				F072CDE43E3791DC4DB19B58 /* Frameworks */,
			);
			sourceTree = "<group>";
		};
		2D6717991E804B6400045E14 /* Products */ = {
			isa = PBXGroup;
			children = (
				2D6717981E804B6400045E14 /* Project.app */,
			);
			name = Products;
			sourceTree = "<group>";
		};
		2D67179A1E804B6400045E14 /* Project */ = {
			isa = PBXGroup;
			children = (
				2D6717A71E804B6400045E14 /* LaunchScreen.storyboard */,
				2D67179B1E804B6400045E14 /* AppDelegate.swift */,
				2D67179D1E804B6400045E14 /* ViewController.swift */,
				2D67179F1E804B6400045E14 /* Main.storyboard */,
				2D6717AA1E804B6400045E14 /* Info.plist */,
				2D6717A21E804B6400045E14 /* Project.xcdatamodeld */,
				2D1925EA1E828F7400F9E4B6 /* 14670863_10207539371187955_2766797422758227945_n.jpg */,
				2D9A2DC61E806664009D855F /* Podfile */,
				2D6717A51E804B6400045E14 /* Assets.xcassets */,
			);
			path = Project;
			sourceTree = "<group>";
		};
		8E563AC146409D026D5D8915 /* Pods */ = {
			isa = PBXGroup;
			children = (
				96B1BD2B97461E3E3C6AC8BE /* Pods-Project.debug.xcconfig */,
				46B465902CCD1CB69E5780EB /* Pods-Project.release.xcconfig */,
			);
			name = Pods;
			sourceTree = "<group>";
		};
		F072CDE43E3791DC4DB19B58 /* Frameworks */ = {
			isa = PBXGroup;
			children = (
				FAC66FDCB2C5AFE805E462C0 /* Pods_Project.framework */,
			);
			name = Frameworks;
			sourceTree = "<group>";
		};
/* End PBXGroup section */

/* Begin PBXNativeTarget section */
		2D6717971E804B6300045E14 /* Project */ = {
			isa = PBXNativeTarget;
			buildConfigurationList = 2D6717AD1E804B6400045E14 /* Build configuration list for PBXNativeTarget "Project" */;
			buildPhases = (
				D2A2A1865C52542B39740CC2 /* [CP] Check Pods Manifest.lock */,
				2D6717941E804B6300045E14 /* Sources */,
				2D6717951E804B6300045E14 /* Frameworks */,
				2D6717961E804B6300045E14 /* Resources */,
				107D6B462141ACDC1AE4DCF2 /* [CP] Embed Pods Frameworks */,
				6EB0D036D5D724BAAED065C9 /* [CP] Copy Pods Resources */,
			);
			buildRules = (
			);
			dependencies = (
			);
			name = Project;
			productName = Project;
			productReference = 2D6717981E804B6400045E14 /* Project.app */;
			productType = "com.apple.product-type.application";
		};
/* End PBXNativeTarget section */

/* Begin PBXProject section */
		2D6717901E804B6300045E14 /* Project object */ = {
			isa = PBXProject;
			attributes = {
				LastSwiftUpdateCheck = 0820;
				LastUpgradeCheck = 0820;
				ORGANIZATIONNAME = "Petko Chakov";
				TargetAttributes = {
					2D6717971E804B6300045E14 = {
						CreatedOnToolsVersion = 8.2.1;
						DevelopmentTeam = JNXZLG7BWB;
						ProvisioningStyle = Automatic;
					};
				};
			};
			buildConfigurationList = 2D6717931E804B6300045E14 /* Build configuration list for PBXProject "Project" */;
			compatibilityVersion = "Xcode 3.2";
			developmentRegion = English;
			hasScannedForEncodings = 0;
			knownRegions = (
				en,
				Base,
			);
			mainGroup = 2D67178F1E804B6300045E14;
			productRefGroup = 2D6717991E804B6400045E14 /* Products */;
			projectDirPath = "";
			projectRoot = "";
			targets = (
				2D6717971E804B6300045E14 /* Project */,
			);
		};
/* End PBXProject section */

/* Begin PBXResourcesBuildPhase section */
		2D6717961E804B6300045E14 /* Resources */ = {
			isa = PBXResourcesBuildPhase;
			buildActionMask = 2147483647;
			files = (
				2D6717A91E804B6400045E14 /* LaunchScreen.storyboard in Resources */,
				2D1925EB1E828F7400F9E4B6 /* 14670863_10207539371187955_2766797422758227945_n.jpg in Resources */,
				2D6717A61E804B6400045E14 /* Assets.xcassets in Resources */,
				2D9A2DC71E806664009D855F /* Podfile in Resources */,
				2D6717A11E804B6400045E14 /* Main.storyboard in Resources */,
			);
			runOnlyForDeploymentPostprocessing = 0;
		};
/* End PBXResourcesBuildPhase section */

/* Begin PBXShellScriptBuildPhase section */
		107D6B462141ACDC1AE4DCF2 /* [CP] Embed Pods Frameworks */ = {
			isa = PBXShellScriptBuildPhase;
			buildActionMask = 2147483647;
			files = (
			);
			inputPaths = (
			);
			name = "[CP] Embed Pods Frameworks";
			outputPaths = (
			);
			runOnlyForDeploymentPostprocessing = 0;
			shellPath = /bin/sh;
			shellScript = "\"${SRCROOT}/Pods/Target Support Files/Pods-Project/Pods-Project-frameworks.sh\"\n";
			showEnvVarsInLog = 0;
		};
		6EB0D036D5D724BAAED065C9 /* [CP] Copy Pods Resources */ = {
			isa = PBXShellScriptBuildPhase;
			buildActionMask = 2147483647;
			files = (
			);
			inputPaths = (
			);
			name = "[CP] Copy Pods Resources";
			outputPaths = (
			);
			runOnlyForDeploymentPostprocessing = 0;
			shellPath = /bin/sh;
			shellScript = "\"${SRCROOT}/Pods/Target Support Files/Pods-Project/Pods-Project-resources.sh\"\n";
			showEnvVarsInLog = 0;
		};
		D2A2A1865C52542B39740CC2 /* [CP] Check Pods Manifest.lock */ = {
			isa = PBXShellScriptBuildPhase;
			buildActionMask = 2147483647;
			files = (
			);
			inputPaths = (
			);
			name = "[CP] Check Pods Manifest.lock";
			outputPaths = (
			);
			runOnlyForDeploymentPostprocessing = 0;
			shellPath = /bin/sh;
			shellScript = "diff \"${PODS_ROOT}/../Podfile.lock\" \"${PODS_ROOT}/Manifest.lock\" > /dev/null\nif [ $? != 0 ] ; then\n    # print error to STDERR\n    echo \"error: The sandbox is not in sync with the Podfile.lock. Run 'pod install' or update your CocoaPods installation.\" >&2\n    exit 1\nfi\n";
			showEnvVarsInLog = 0;
		};
/* End PBXShellScriptBuildPhase section */

/* Begin PBXSourcesBuildPhase section */
		2D6717941E804B6300045E14 /* Sources */ = {
			isa = PBXSourcesBuildPhase;
			buildActionMask = 2147483647;
			files = (
				2D67179E1E804B6400045E14 /* ViewController.swift in Sources */,
				2D6717A41E804B6400045E14 /* Project.xcdatamodeld in Sources */,
				2DD1B4731E82CF63003D0602 /* ThirdViewController.swift in Sources */,
				2D67179C1E804B6400045E14 /* AppDelegate.swift in Sources */,
			);
			runOnlyForDeploymentPostprocessing = 0;
		};
/* End PBXSourcesBuildPhase section */

/* Begin PBXVariantGroup section */
		2D67179F1E804B6400045E14 /* Main.storyboard */ = {
			isa = PBXVariantGroup;
			children = (
				2D6717A01E804B6400045E14 /* Base */,
			);
			name = Main.storyboard;
			sourceTree = "<group>";
		};
		2D6717A71E804B6400045E14 /* LaunchScreen.storyboard */ = {
			isa = PBXVariantGroup;
			children = (
				2D6717A81E804B6400045E14 /* Base */,
			);
			name = LaunchScreen.storyboard;
			sourceTree = "<group>";
		};
/* End PBXVariantGroup section */

/* Begin XCBuildConfiguration section */
		2D6717AB1E804B6400045E14 /* Debug */ = {
			isa = XCBuildConfiguration;
			buildSettings = {
				ALWAYS_SEARCH_USER_PATHS = NO;
				CLANG_ANALYZER_NONNULL = YES;
				CLANG_CXX_LANGUAGE_STANDARD = "gnu++0x";
				CLANG_CXX_LIBRARY = "libc++";
				CLANG_ENABLE_MODULES = YES;
				CLANG_ENABLE_OBJC_ARC = YES;
				CLANG_WARN_BOOL_CONVERSION = YES;
				CLANG_WARN_CONSTANT_CONVERSION = YES;
				CLANG_WARN_DIRECT_OBJC_ISA_USAGE = YES_ERROR;
				CLANG_WARN_DOCUMENTATION_COMMENTS = YES;
				CLANG_WARN_EMPTY_BODY = YES;
				CLANG_WARN_ENUM_CONVERSION = YES;
				CLANG_WARN_INFINITE_RECURSION = YES;
				CLANG_WARN_INT_CONVERSION = YES;
				CLANG_WARN_OBJC_ROOT_CLASS = YES_ERROR;
				CLANG_WARN_SUSPICIOUS_MOVE = YES;
				CLANG_WARN_UNREACHABLE_CODE = YES;
				CLANG_WARN__DUPLICATE_METHOD_MATCH = YES;
				"CODE_SIGN_IDENTITY[sdk=iphoneos*]" = "iPhone Developer";
				COPY_PHASE_STRIP = NO;
				DEBUG_INFORMATION_FORMAT = dwarf;
				ENABLE_STRICT_OBJC_MSGSEND = YES;
				ENABLE_TESTABILITY = YES;
				GCC_C_LANGUAGE_STANDARD = gnu99;
				GCC_DYNAMIC_NO_PIC = NO;
				GCC_NO_COMMON_BLOCKS = YES;
				GCC_OPTIMIZATION_LEVEL = 0;
				GCC_PREPROCESSOR_DEFINITIONS = (
					"DEBUG=1",
					"$(inherited)",
				);
				GCC_WARN_64_TO_32_BIT_CONVERSION = YES;
				GCC_WARN_ABOUT_RETURN_TYPE = YES_ERROR;
				GCC_WARN_UNDECLARED_SELECTOR = YES;
				GCC_WARN_UNINITIALIZED_AUTOS = YES_AGGRESSIVE;
				GCC_WARN_UNUSED_FUNCTION = YES;
				GCC_WARN_UNUSED_VARIABLE = YES;
				IPHONEOS_DEPLOYMENT_TARGET = 10.2;
				MTL_ENABLE_DEBUG_INFO = YES;
				ONLY_ACTIVE_ARCH = YES;
				SDKROOT = iphoneos;
				SWIFT_ACTIVE_COMPILATION_CONDITIONS = DEBUG;
				SWIFT_OPTIMIZATION_LEVEL = "-Onone";
			};
			name = Debug;
		};
		2D6717AC1E804B6400045E14 /* Release */ = {
			isa = XCBuildConfiguration;
			buildSettings = {
				ALWAYS_SEARCH_USER_PATHS = NO;
				CLANG_ANALYZER_NONNULL = YES;
				CLANG_CXX_LANGUAGE_STANDARD = "gnu++0x";
				CLANG_CXX_LIBRARY = "libc++";
				CLANG_ENABLE_MODULES = YES;
				CLANG_ENABLE_OBJC_ARC = YES;
				CLANG_WARN_BOOL_CONVERSION = YES;
				CLANG_WARN_CONSTANT_CONVERSION = YES;
				CLANG_WARN_DIRECT_OBJC_ISA_USAGE = YES_ERROR;
				CLANG_WARN_DOCUMENTATION_COMMENTS = YES;
				CLANG_WARN_EMPTY_BODY = YES;
				CLANG_WARN_ENUM_CONVERSION = YES;
				CLANG_WARN_INFINITE_RECURSION = YES;
				CLANG_WARN_INT_CONVERSION = YES;
				CLANG_WARN_OBJC_ROOT_CLASS = YES_ERROR;
				CLANG_WARN_SUSPICIOUS_MOVE = YES;
				CLANG_WARN_UNREACHABLE_CODE = YES;
				CLANG_WARN__DUPLICATE_METHOD_MATCH = YES;
				"CODE_SIGN_IDENTITY[sdk=iphoneos*]" = "iPhone Developer";
				COPY_PHASE_STRIP = NO;
				DEBUG_INFORMATION_FORMAT = "dwarf-with-dsym";
				ENABLE_NS_ASSERTIONS = NO;
				ENABLE_STRICT_OBJC_MSGSEND = YES;
				GCC_C_LANGUAGE_STANDARD = gnu99;
				GCC_NO_COMMON_BLOCKS = YES;
				GCC_WARN_64_TO_32_BIT_CONVERSION = YES;
				GCC_WARN_ABOUT_RETURN_TYPE = YES_ERROR;
				GCC_WARN_UNDECLARED_SELECTOR = YES;
				GCC_WARN_UNINITIALIZED_AUTOS = YES_AGGRESSIVE;
				GCC_WARN_UNUSED_FUNCTION = YES;
				GCC_WARN_UNUSED_VARIABLE = YES;
				IPHONEOS_DEPLOYMENT_TARGET = 10.2;
				MTL_ENABLE_DEBUG_INFO = NO;
				SDKROOT = iphoneos;
				SWIFT_OPTIMIZATION_LEVEL = "-Owholemodule";
				VALIDATE_PRODUCT = YES;
			};
			name = Release;
		};
		2D6717AE1E804B6400045E14 /* Debug */ = {
			isa = XCBuildConfiguration;
			baseConfigurationReference = 96B1BD2B97461E3E3C6AC8BE /* Pods-Project.debug.xcconfig */;
			buildSettings = {
				ASSETCATALOG_COMPILER_APPICON_NAME = AppIcon;
				DEVELOPMENT_TEAM = JNXZLG7BWB;
				INFOPLIST_FILE = Project/Info.plist;
				LD_RUNPATH_SEARCH_PATHS = "$(inherited) @executable_path/Frameworks";
				PRODUCT_BUNDLE_IDENTIFIER = petkochakov.Project;
				PRODUCT_NAME = "$(TARGET_NAME)";
				SWIFT_VERSION = 3.0;
			};
			name = Debug;
		};
		2D6717AF1E804B6400045E14 /* Release */ = {
			isa = XCBuildConfiguration;
			baseConfigurationReference = 46B465902CCD1CB69E5780EB /* Pods-Project.release.xcconfig */;
			buildSettings = {
				ASSETCATALOG_COMPILER_APPICON_NAME = AppIcon;
				DEVELOPMENT_TEAM = JNXZLG7BWB;
				INFOPLIST_FILE = Project/Info.plist;
				LD_RUNPATH_SEARCH_PATHS = "$(inherited) @executable_path/Frameworks";
				PRODUCT_BUNDLE_IDENTIFIER = petkochakov.Project;
				PRODUCT_NAME = "$(TARGET_NAME)";
				SWIFT_VERSION = 3.0;
			};
			name = Release;
		};
/* End XCBuildConfiguration section */

/* Begin XCConfigurationList section */
		2D6717931E804B6300045E14 /* Build configuration list for PBXProject "Project" */ = {
			isa = XCConfigurationList;
			buildConfigurations = (
				2D6717AB1E804B6400045E14 /* Debug */,
				2D6717AC1E804B6400045E14 /* Release */,
			);
			defaultConfigurationIsVisible = 0;
			defaultConfigurationName = Release;
		};
		2D6717AD1E804B6400045E14 /* Build configuration list for PBXNativeTarget "Project" */ = {
			isa = XCConfigurationList;
			buildConfigurations = (
				2D6717AE1E804B6400045E14 /* Debug */,
				2D6717AF1E804B6400045E14 /* Release */,
			);
			defaultConfigurationIsVisible = 0;
			defaultConfigurationName = Release;
		};
/* End XCConfigurationList section */

/* Begin XCVersionGroup section */
		2D6717A21E804B6400045E14 /* Project.xcdatamodeld */ = {
			isa = XCVersionGroup;
			children = (
				2D6717A31E804B6400045E14 /* Project.xcdatamodel */,
			);
			currentVersion = 2D6717A31E804B6400045E14 /* Project.xcdatamodel */;
			path = Project.xcdatamodeld;
			sourceTree = "<group>";
			versionGroupType = wrapper.xcdatamodel;
		};
/* End XCVersionGroup section */
	};
	rootObject = 2D6717901E804B6300045E14 /* Project object */;
}
